// !$*UTF8*$!
{
	archiveVersion = 1;
	classes = {
	};
	objectVersion = 46;
	objects = {

/* Begin PBXBuildFile section */
		B07ECFF30C774242B2AC5642 /* Foundation.framework in Frameworks */ = {isa = PBXBuildFile; fileRef = E12E13A3B7624942AA981837 /* Foundation.framework */; };
		E5D6C4148FF648229AE535EB /* DeckPebble.c in Sources */ = {isa = PBXBuildFile; fileRef = A1C448D4F9654FFAB89930E4 /* DeckPebble.c */; };
/* End PBXBuildFile section */

/* Begin PBXFileReference section */
		13A0BA419450400A8A42B892 /* appinfo.json */ = {isa = PBXFileReference; includeInIndex = 1; lastKnownFileType = text.json; path = appinfo.json; sourceTree = "<group>"; };
		A1C448D4F9654FFAB89930E4 /* DeckPebble.c */ = {isa = PBXFileReference; includeInIndex = 1; lastKnownFileType = sourcecode.c.c; path = DeckPebble.c; sourceTree = "<group>"; };
		CC9C122A4C924B58A92FB34E /* resources */ = {isa = PBXFileReference; includeInIndex = 1; lastKnownFileType = folder; path = resources; sourceTree = "<group>"; };
		E12E13A3B7624942AA981837 /* Foundation.framework */ = {isa = PBXFileReference; lastKnownFileType = wrapper.framework; name = Foundation.framework; path = Platforms/iPhoneOS.platform/Developer/SDKs/iPhoneOS7.0.sdk/System/Library/Frameworks/Foundation.framework; sourceTree = DEVELOPER_DIR; };
		E3F2F3259F6C43F7A78686BE /* fake-iOS-target.app */ = {isa = PBXFileReference; explicitFileType = wrapper.application; includeInIndex = 0; path = "fake-iOS-target.app"; sourceTree = BUILT_PRODUCTS_DIR; };
/* End PBXFileReference section */

/* Begin PBXFrameworksBuildPhase section */
		889DA253D6484A048D075084 /* Frameworks */ = {
			isa = PBXFrameworksBuildPhase;
			buildActionMask = 2147483647;
			files = (
				B07ECFF30C774242B2AC5642 /* Foundation.framework in Frameworks */,
			);
			runOnlyForDeploymentPostprocessing = 0;
		};
/* End PBXFrameworksBuildPhase section */

/* Begin PBXGroup section */
		20AEF9172F144D1DAB95848E /* sources */ = {
			isa = PBXGroup;
			children = (
				A1C448D4F9654FFAB89930E4 /* DeckPebble.c */,
			);
			name = sources;
			path = src;
			sourceTree = "<group>";
		};
		4C2F96107CF34392982C911B /* Products */ = {
			isa = PBXGroup;
			children = (
				E3F2F3259F6C43F7A78686BE /* fake-iOS-target.app */,
			);
			name = Products;
			sourceTree = "<group>";
		};
		A57D434F69D44255B2986B22 = {
			isa = PBXGroup;
			children = (
				4C2F96107CF34392982C911B /* Products */,
				20AEF9172F144D1DAB95848E /* sources */,
				CC9C122A4C924B58A92FB34E /* resources */,
				13A0BA419450400A8A42B892 /* appinfo.json */,
			);
			sourceTree = "<group>";
		};
/* End PBXGroup section */

/* Begin PBXLegacyTarget section */
		BDE14F87E6594037A6687C22 /* Pebble */ = {
			isa = PBXLegacyTarget;
			buildArgumentsString = "build --pebble_sdk=/Users/boris/Software/pebble-dev/PebbleSDK-current";
			buildConfigurationList = F5DA71A89A714586A6D562F1 /* Build configuration list for PBXLegacyTarget "Pebble" */;
			buildPhases = (
			);
			buildToolPath = "/Users/boris/Software/ruby-200/bin/pebblex";
			dependencies = (
			);
			name = Pebble;
			passBuildSettingsInEnvironment = 0;
			productName = Pebble;
		};
/* End PBXLegacyTarget section */

/* Begin PBXNativeTarget section */
		5F744748B7A14783AFAC96BD /* fake-iOS-target */ = {
			isa = PBXNativeTarget;
			buildConfigurationList = 7BD9CBC5A44C4FF8B28252A3 /* Build configuration list for PBXNativeTarget "fake-iOS-target" */;
			buildPhases = (
				E572813CA51B45D19498C14F /* Sources */,
				889DA253D6484A048D075084 /* Frameworks */,
			);
			buildRules = (
			);
			dependencies = (
			);
			name = "fake-iOS-target";
			productName = "fake-iOS-target";
			productReference = E3F2F3259F6C43F7A78686BE /* fake-iOS-target.app */;
			productType = "com.apple.product-type.application";
		};
/* End PBXNativeTarget section */

/* Begin PBXProject section */
		55E3DF963F0449CAB2A181E5 /* Project object */ = {
			isa = PBXProject;
			attributes = {
				LastUpgradeCheck = 0500;
			};
			buildConfigurationList = 7C9E0EEE79764B6E9CAB7A4F /* Build configuration list for PBXProject "DeckPebble" */;
			compatibilityVersion = "Xcode 3.2";
			developmentRegion = English;
			hasScannedForEncodings = 0;
			knownRegions = (
				en,
			);
			mainGroup = A57D434F69D44255B2986B22;
			productRefGroup = 4C2F96107CF34392982C911B /* Products */;
			projectDirPath = "";
			projectRoot = "";
			targets = (
				BDE14F87E6594037A6687C22 /* Pebble */,
				5F744748B7A14783AFAC96BD /* fake-iOS-target */,
			);
		};
/* End PBXProject section */

/* Begin PBXSourcesBuildPhase section */
		E572813CA51B45D19498C14F /* Sources */ = {
			isa = PBXSourcesBuildPhase;
			buildActionMask = 2147483647;
			files = (
				E5D6C4148FF648229AE535EB /* DeckPebble.c in Sources */,
			);
			runOnlyForDeploymentPostprocessing = 0;
		};
/* End PBXSourcesBuildPhase section */

/* Begin XCBuildConfiguration section */
		38C637FD0A51454CBF3829A9 /* Debug */ = {
			isa = XCBuildConfiguration;
			buildSettings = {
				ALWAYS_SEARCH_USER_PATHS = NO;
				CLANG_CXX_LANGUAGE_STANDARD = "gnu++0x";
				CLANG_CXX_LIBRARY = "libc++";
				CLANG_ENABLE_MODULES = YES;
				CLANG_ENABLE_OBJC_ARC = YES;
				CLANG_WARN_BOOL_CONVERSION = YES;
				CLANG_WARN_CONSTANT_CONVERSION = YES;
				CLANG_WARN_DIRECT_OBJC_ISA_USAGE = YES_ERROR;
				CLANG_WARN_EMPTY_BODY = YES;
				CLANG_WARN_ENUM_CONVERSION = YES;
				CLANG_WARN_INT_CONVERSION = YES;
				CLANG_WARN_OBJC_ROOT_CLASS = YES_ERROR;
				COPY_PHASE_STRIP = YES;
				GCC_C_LANGUAGE_STANDARD = gnu99;
				GCC_DYNAMIC_NO_PIC = NO;
				GCC_OPTIMIZATION_LEVEL = 0;
				GCC_PREPROCESSOR_DEFINITIONS = (
					"DEBUG=1",
					"$(inherited)",
				);
				GCC_SYMBOLS_PRIVATE_EXTERN = NO;
				GCC_WARN_64_TO_32_BIT_CONVERSION = YES;
				GCC_WARN_ABOUT_RETURN_TYPE = YES_ERROR;
				GCC_WARN_UNDECLARED_SELECTOR = YES;
				GCC_WARN_UNINITIALIZED_AUTOS = YES;
				GCC_WARN_UNUSED_FUNCTION = YES;
				GCC_WARN_UNUSED_VARIABLE = YES;
				HEADER_SEARCH_PATHS = (
					"/Users/boris/Software/pebble-dev/PebbleSDK-current/Pebble/include",
					build,
				);
				ONLY_ACTIVE_ARCH = YES;
			};
			name = Debug;
		};
		50EE673E4AE9414AABDDD12A /* Release */ = {
			isa = XCBuildConfiguration;
			buildSettings = {
				ALWAYS_SEARCH_USER_PATHS = NO;
				COPY_PHASE_STRIP = YES;
				DSTROOT = /tmp/xcodeproj.dst;
				GCC_C_LANGUAGE_STANDARD = gnu99;
				GCC_PRECOMPILE_PREFIX_HEADER = YES;
				GCC_VERSION = com.apple.compilers.llvm.clang.1_0;
				INSTALL_PATH = "$(BUILT_PRODUCTS_DIR)";
				IPHONEOS_DEPLOYMENT_TARGET = 4.3;
				OTHER_CFLAGS = (
					"-DNS_BLOCK_ASSERTIONS=1",
					"$(inherited)",
				);
				OTHER_CPLUSPLUSFLAGS = (
					"-DNS_BLOCK_ASSERTIONS=1",
					"$(inherited)",
				);
				OTHER_LDFLAGS = "";
				PRODUCT_NAME = "$(TARGET_NAME)";
				PUBLIC_HEADERS_FOLDER_PATH = "$(TARGET_NAME)";
				SDKROOT = iphoneos;
				SKIP_INSTALL = YES;
				VALIDATE_PRODUCT = YES;
			};
			name = Release;
		};
		7DDDE96FD1AC4648A4D5C919 /* Debug */ = {
			isa = XCBuildConfiguration;
			buildSettings = {
				ALWAYS_SEARCH_USER_PATHS = NO;
				COMBINE_HIDPI_IMAGES = YES;
				COPY_PHASE_STRIP = NO;
				DSTROOT = /tmp/xcodeproj.dst;
				GCC_C_LANGUAGE_STANDARD = gnu99;
				GCC_DYNAMIC_NO_PIC = NO;
				GCC_ENABLE_OBJC_EXCEPTIONS = YES;
				GCC_OPTIMIZATION_LEVEL = 0;
				GCC_PRECOMPILE_PREFIX_HEADER = YES;
				GCC_PREPROCESSOR_DEFINITIONS = (
					"DEBUG=1",
					"$(inherited)",
				);
				GCC_SYMBOLS_PRIVATE_EXTERN = NO;
				GCC_VERSION = com.apple.compilers.llvm.clang.1_0;
				INSTALL_PATH = "$(BUILT_PRODUCTS_DIR)";
				MACOSX_DEPLOYMENT_TARGET = 10.7;
				OTHER_LDFLAGS = "";
				PRODUCT_NAME = "$(TARGET_NAME)";
				SDKROOT = macosx;
				SKIP_INSTALL = YES;
			};
			name = Debug;
		};
		9081BF495A16423692BD7DA5 /* Debug */ = {
			isa = XCBuildConfiguration;
			buildSettings = {
				ALWAYS_SEARCH_USER_PATHS = NO;
				COPY_PHASE_STRIP = NO;
				DSTROOT = /tmp/xcodeproj.dst;
				GCC_C_LANGUAGE_STANDARD = gnu99;
				GCC_DYNAMIC_NO_PIC = NO;
				GCC_OPTIMIZATION_LEVEL = 0;
				GCC_PRECOMPILE_PREFIX_HEADER = YES;
				GCC_PREPROCESSOR_DEFINITIONS = (
					"DEBUG=1",
					"$(inherited)",
				);
				GCC_SYMBOLS_PRIVATE_EXTERN = NO;
				GCC_VERSION = com.apple.compilers.llvm.clang.1_0;
				INSTALL_PATH = "$(BUILT_PRODUCTS_DIR)";
				IPHONEOS_DEPLOYMENT_TARGET = 4.3;
				OTHER_LDFLAGS = "";
				PRODUCT_NAME = "$(TARGET_NAME)";
				PUBLIC_HEADERS_FOLDER_PATH = "$(TARGET_NAME)";
				SDKROOT = iphoneos;
				SKIP_INSTALL = YES;
			};
			name = Debug;
		};
		CEA60815A68E49D3BD1C4E29 /* Release */ = {
			isa = XCBuildConfiguration;
			buildSettings = {
				ALWAYS_SEARCH_USER_PATHS = NO;
				COMBINE_HIDPI_IMAGES = YES;
				COPY_PHASE_STRIP = YES;
				DEBUG_INFORMATION_FORMAT = "dwarf-with-dsym";
				DSTROOT = /tmp/xcodeproj.dst;
				GCC_C_LANGUAGE_STANDARD = gnu99;
				GCC_ENABLE_OBJC_EXCEPTIONS = YES;
				GCC_PRECOMPILE_PREFIX_HEADER = YES;
				GCC_VERSION = com.apple.compilers.llvm.clang.1_0;
				INSTALL_PATH = "$(BUILT_PRODUCTS_DIR)";
				MACOSX_DEPLOYMENT_TARGET = 10.7;
				OTHER_CFLAGS = (
					"-DNS_BLOCK_ASSERTIONS=1",
					"$(inherited)",
				);
				OTHER_CPLUSPLUSFLAGS = (
					"-DNS_BLOCK_ASSERTIONS=1",
					"$(inherited)",
				);
				OTHER_LDFLAGS = "";
				PRODUCT_NAME = "$(TARGET_NAME)";
				SDKROOT = macosx;
				SKIP_INSTALL = YES;
			};
			name = Release;
		};
		ED47D24BE0F14D9FB76BD6CB /* Release */ = {
			isa = XCBuildConfiguration;
			buildSettings = {
				ALWAYS_SEARCH_USER_PATHS = NO;
				CLANG_CXX_LANGUAGE_STANDARD = "gnu++0x";
				CLANG_CXX_LIBRARY = "libc++";
				CLANG_ENABLE_MODULES = YES;
				CLANG_ENABLE_OBJC_ARC = YES;
				CLANG_WARN_BOOL_CONVERSION = YES;
				CLANG_WARN_CONSTANT_CONVERSION = YES;
				CLANG_WARN_DIRECT_OBJC_ISA_USAGE = YES_ERROR;
				CLANG_WARN_EMPTY_BODY = YES;
				CLANG_WARN_ENUM_CONVERSION = YES;
				CLANG_WARN_INT_CONVERSION = YES;
				CLANG_WARN_OBJC_ROOT_CLASS = YES_ERROR;
				COPY_PHASE_STRIP = NO;
				ENABLE_NS_ASSERTIONS = NO;
				GCC_C_LANGUAGE_STANDARD = gnu99;
				GCC_WARN_64_TO_32_BIT_CONVERSION = YES;
				GCC_WARN_ABOUT_RETURN_TYPE = YES_ERROR;
				GCC_WARN_UNDECLARED_SELECTOR = YES;
				GCC_WARN_UNINITIALIZED_AUTOS = YES;
				GCC_WARN_UNUSED_FUNCTION = YES;
				GCC_WARN_UNUSED_VARIABLE = YES;
				HEADER_SEARCH_PATHS = (
					"/Users/boris/Software/pebble-dev/PebbleSDK-current/Pebble/include",
					build,
				);
				VALIDATE_PRODUCT = YES;
			};
			name = Release;
		};
/* End XCBuildConfiguration section */

/* Begin XCConfigurationList section */
		7BD9CBC5A44C4FF8B28252A3 /* Build configuration list for PBXNativeTarget "fake-iOS-target" */ = {
			isa = XCConfigurationList;
			buildConfigurations = (
				50EE673E4AE9414AABDDD12A /* Release */,
				9081BF495A16423692BD7DA5 /* Debug */,
			);
			defaultConfigurationIsVisible = 0;
			defaultConfigurationName = Release;
		};
		7C9E0EEE79764B6E9CAB7A4F /* Build configuration list for PBXProject "DeckPebble" */ = {
			isa = XCConfigurationList;
			buildConfigurations = (
				38C637FD0A51454CBF3829A9 /* Debug */,
				ED47D24BE0F14D9FB76BD6CB /* Release */,
			);
			defaultConfigurationIsVisible = 0;
			defaultConfigurationName = Release;
		};
		F5DA71A89A714586A6D562F1 /* Build configuration list for PBXLegacyTarget "Pebble" */ = {
			isa = XCConfigurationList;
			buildConfigurations = (
				CEA60815A68E49D3BD1C4E29 /* Release */,
				7DDDE96FD1AC4648A4D5C919 /* Debug */,
			);
			defaultConfigurationIsVisible = 0;
			defaultConfigurationName = Release;
		};
/* End XCConfigurationList section */
	};
	rootObject = 55E3DF963F0449CAB2A181E5 /* Project object */;
}
